
Microsoft Visual Studio Solution File, Format Version 12.00
# Visual Studio Version 16
VisualStudioVersion = 16.0.31129.286
MinimumVisualStudioVersion = 10.0.40219.1
Project("{FAE04EC0-301F-11D3-BF4B-00C04F79EFBC}") = "Test5", "Test5\Test5.csproj", "{BEB4E394-C223-4B7E-8D16-B68F6B190F95}"
EndProject
Global
	GlobalSection(SolutionConfigurationPlatforms) = preSolution
		Debug|Any CPU = Debug|Any CPU
		Release|Any CPU = Release|Any CPU
	EndGlobalSection
	GlobalSection(ProjectConfigurationPlatforms) = postSolution
		{BEB4E394-C223-4B7E-8D16-B68F6B190F95}.Debug|Any CPU.ActiveCfg = Debug|Any CPU
		{BEB4E394-C223-4B7E-8D16-B68F6B190F95}.Debug|Any CPU.Build.0 = Debug|Any CPU
		{BEB4E394-C223-4B7E-8D16-B68F6B190F95}.Release|Any CPU.ActiveCfg = Release|Any CPU
		{BEB4E394-C223-4B7E-8D16-B68F6B190F95}.Release|Any CPU.Build.0 = Release|Any CPU
	EndGlobalSection
	GlobalSection(SolutionProperties) = preSolution
		HideSolutionNode = FALSE
	EndGlobalSection
	GlobalSection(ExtensibilityGlobals) = postSolution
		SolutionGuid = {141F15AD-1B34-44BB-94F3-E3576B98085A}
	EndGlobalSection
EndGlobal
